// !$*UTF8*$!
{
	archiveVersion = 1;
	classes = {
	};
	objectVersion = 56;
	objects = {

/* Begin PBXBuildFile section */
		FD2709B22B921CF300272C9B /* RouteList.swift in Sources */ = {isa = PBXBuildFile; fileRef = FD2709B12B921CF300272C9B /* RouteList.swift */; };
		FD2709B42B921DF000272C9B /* Models.swift in Sources */ = {isa = PBXBuildFile; fileRef = FD2709B32B921DF000272C9B /* Models.swift */; };
		FD9A85022BAF05E6009F1DC1 /* WalkRouteController.swift in Sources */ = {isa = PBXBuildFile; fileRef = FD9A85012BAF05E6009F1DC1 /* WalkRouteController.swift */; };
		FD9A85042BAF482A009F1DC1 /* RateViewController.swift in Sources */ = {isa = PBXBuildFile; fileRef = FD9A85032BAF4829009F1DC1 /* RateViewController.swift */; };
		FD9A85062BAF52FF009F1DC1 /* RouteDetailedController.swift in Sources */ = {isa = PBXBuildFile; fileRef = FD9A85052BAF52FF009F1DC1 /* RouteDetailedController.swift */; };
		FD9A85082BAF60C4009F1DC1 /* MakeRouteController.swift in Sources */ = {isa = PBXBuildFile; fileRef = FD9A85072BAF60C4009F1DC1 /* MakeRouteController.swift */; };
		FD9A850A2BAF70CD009F1DC1 /* SetRouteController.swift in Sources */ = {isa = PBXBuildFile; fileRef = FD9A85092BAF70CC009F1DC1 /* SetRouteController.swift */; };
		FD9A850C2BAF779A009F1DC1 /* AppCoordinator.swift in Sources */ = {isa = PBXBuildFile; fileRef = FD9A850B2BAF779A009F1DC1 /* AppCoordinator.swift */; };
		FDA5E83C2BB1167400E89286 /* FilterViewController.swift in Sources */ = {isa = PBXBuildFile; fileRef = FDA5E83B2BB1167300E89286 /* FilterViewController.swift */; };
		FDB82AD02B4EC954009F092C /* AppDelegate.swift in Sources */ = {isa = PBXBuildFile; fileRef = FDB82ACF2B4EC954009F092C /* AppDelegate.swift */; };
		FDB82AD22B4EC954009F092C /* SceneDelegate.swift in Sources */ = {isa = PBXBuildFile; fileRef = FDB82AD12B4EC954009F092C /* SceneDelegate.swift */; };
		FDB82AD42B4EC955009F092C /* ViewController.swift in Sources */ = {isa = PBXBuildFile; fileRef = FDB82AD32B4EC955009F092C /* ViewController.swift */; };
		FDB82AD92B4EC957009F092C /* Assets.xcassets in Resources */ = {isa = PBXBuildFile; fileRef = FDB82AD82B4EC957009F092C /* Assets.xcassets */; };
		FDB82ADC2B4EC957009F092C /* LaunchScreen.storyboard in Resources */ = {isa = PBXBuildFile; fileRef = FDB82ADA2B4EC957009F092C /* LaunchScreen.storyboard */; };
/* End PBXBuildFile section */

/* Begin PBXFileReference section */
		FD2709B12B921CF300272C9B /* RouteList.swift */ = {isa = PBXFileReference; lastKnownFileType = sourcecode.swift; path = RouteList.swift; sourceTree = "<group>"; };
		FD2709B32B921DF000272C9B /* Models.swift */ = {isa = PBXFileReference; lastKnownFileType = sourcecode.swift; path = Models.swift; sourceTree = "<group>"; };
		FD9A85012BAF05E6009F1DC1 /* WalkRouteController.swift */ = {isa = PBXFileReference; lastKnownFileType = sourcecode.swift; path = WalkRouteController.swift; sourceTree = "<group>"; };
		FD9A85032BAF4829009F1DC1 /* RateViewController.swift */ = {isa = PBXFileReference; lastKnownFileType = sourcecode.swift; path = RateViewController.swift; sourceTree = "<group>"; };
		FD9A85052BAF52FF009F1DC1 /* RouteDetailedController.swift */ = {isa = PBXFileReference; lastKnownFileType = sourcecode.swift; path = RouteDetailedController.swift; sourceTree = "<group>"; };
		FD9A85072BAF60C4009F1DC1 /* MakeRouteController.swift */ = {isa = PBXFileReference; lastKnownFileType = sourcecode.swift; path = MakeRouteController.swift; sourceTree = "<group>"; };
		FD9A85092BAF70CC009F1DC1 /* SetRouteController.swift */ = {isa = PBXFileReference; lastKnownFileType = sourcecode.swift; path = SetRouteController.swift; sourceTree = "<group>"; };
		FD9A850B2BAF779A009F1DC1 /* AppCoordinator.swift */ = {isa = PBXFileReference; lastKnownFileType = sourcecode.swift; path = AppCoordinator.swift; sourceTree = "<group>"; };
		FDA5E83B2BB1167300E89286 /* FilterViewController.swift */ = {isa = PBXFileReference; lastKnownFileType = sourcecode.swift; path = FilterViewController.swift; sourceTree = "<group>"; };
		FDB82ACC2B4EC954009F092C /* WolkEtoGulyat.app */ = {isa = PBXFileReference; explicitFileType = wrapper.application; includeInIndex = 0; path = WolkEtoGulyat.app; sourceTree = BUILT_PRODUCTS_DIR; };
		FDB82ACF2B4EC954009F092C /* AppDelegate.swift */ = {isa = PBXFileReference; lastKnownFileType = sourcecode.swift; path = AppDelegate.swift; sourceTree = "<group>"; };
		FDB82AD12B4EC954009F092C /* SceneDelegate.swift */ = {isa = PBXFileReference; lastKnownFileType = sourcecode.swift; path = SceneDelegate.swift; sourceTree = "<group>"; };
		FDB82AD32B4EC955009F092C /* ViewController.swift */ = {isa = PBXFileReference; lastKnownFileType = sourcecode.swift; path = ViewController.swift; sourceTree = "<group>"; };
		FDB82AD82B4EC957009F092C /* Assets.xcassets */ = {isa = PBXFileReference; lastKnownFileType = folder.assetcatalog; path = Assets.xcassets; sourceTree = "<group>"; };
		FDB82ADB2B4EC957009F092C /* Base */ = {isa = PBXFileReference; lastKnownFileType = file.storyboard; name = Base; path = Base.lproj/LaunchScreen.storyboard; sourceTree = "<group>"; };
		FDB82ADD2B4EC957009F092C /* Info.plist */ = {isa = PBXFileReference; lastKnownFileType = text.plist.xml; path = Info.plist; sourceTree = "<group>"; };
/* End PBXFileReference section */

/* Begin PBXFrameworksBuildPhase section */
		FDB82AC92B4EC954009F092C /* Frameworks */ = {
			isa = PBXFrameworksBuildPhase;
			buildActionMask = 2147483647;
			files = (
			);
			runOnlyForDeploymentPostprocessing = 0;
		};
/* End PBXFrameworksBuildPhase section */

/* Begin PBXGroup section */
		FDB82AC32B4EC954009F092C = {
			isa = PBXGroup;
			children = (
				FDB82ACE2B4EC954009F092C /* WolkEtoGulyat */,
				FDB82ACD2B4EC954009F092C /* Products */,
			);
			sourceTree = "<group>";
		};
		FDB82ACD2B4EC954009F092C /* Products */ = {
			isa = PBXGroup;
			children = (
				FDB82ACC2B4EC954009F092C /* WolkEtoGulyat.app */,
			);
			name = Products;
			sourceTree = "<group>";
		};
		FDB82ACE2B4EC954009F092C /* WolkEtoGulyat */ = {
			isa = PBXGroup;
			children = (
				FDB82ACF2B4EC954009F092C /* AppDelegate.swift */,
				FDB82AD12B4EC954009F092C /* SceneDelegate.swift */,
				FD9A850B2BAF779A009F1DC1 /* AppCoordinator.swift */,
				FDB82AD32B4EC955009F092C /* ViewController.swift */,
				FDA5E83B2BB1167300E89286 /* FilterViewController.swift */,
				FD2709B12B921CF300272C9B /* RouteList.swift */,
				FD9A85052BAF52FF009F1DC1 /* RouteDetailedController.swift */,
				FD9A85012BAF05E6009F1DC1 /* WalkRouteController.swift */,
				FD9A85032BAF4829009F1DC1 /* RateViewController.swift */,
				FD9A85072BAF60C4009F1DC1 /* MakeRouteController.swift */,
				FD9A85092BAF70CC009F1DC1 /* SetRouteController.swift */,
				FD2709B32B921DF000272C9B /* Models.swift */,
				FDB82AD82B4EC957009F092C /* Assets.xcassets */,
				FDB82ADA2B4EC957009F092C /* LaunchScreen.storyboard */,
				FDB82ADD2B4EC957009F092C /* Info.plist */,
			);
			path = WolkEtoGulyat;
			sourceTree = "<group>";
		};
/* End PBXGroup section */

/* Begin PBXNativeTarget section */
		FDB82ACB2B4EC954009F092C /* WolkEtoGulyat */ = {
			isa = PBXNativeTarget;
			buildConfigurationList = FDB82AE02B4EC957009F092C /* Build configuration list for PBXNativeTarget "WolkEtoGulyat" */;
			buildPhases = (
				FDB82AC82B4EC954009F092C /* Sources */,
				FDB82AC92B4EC954009F092C /* Frameworks */,
				FDB82ACA2B4EC954009F092C /* Resources */,
			);
			buildRules = (
			);
			dependencies = (
			);
			name = WolkEtoGulyat;
			productName = WolkEtoGulyat;
			productReference = FDB82ACC2B4EC954009F092C /* WolkEtoGulyat.app */;
			productType = "com.apple.product-type.application";
		};
/* End PBXNativeTarget section */

/* Begin PBXProject section */
		FDB82AC42B4EC954009F092C /* Project object */ = {
			isa = PBXProject;
			attributes = {
				BuildIndependentTargetsInParallel = 1;
				LastSwiftUpdateCheck = 1420;
				LastUpgradeCheck = 1420;
				TargetAttributes = {
					FDB82ACB2B4EC954009F092C = {
						CreatedOnToolsVersion = 14.2;
					};
				};
			};
			buildConfigurationList = FDB82AC72B4EC954009F092C /* Build configuration list for PBXProject "WolkEtoGulyat" */;
			compatibilityVersion = "Xcode 14.0";
			developmentRegion = en;
			hasScannedForEncodings = 0;
			knownRegions = (
				en,
				Base,
			);
			mainGroup = FDB82AC32B4EC954009F092C;
			productRefGroup = FDB82ACD2B4EC954009F092C /* Products */;
			projectDirPath = "";
			projectRoot = "";
			targets = (
				FDB82ACB2B4EC954009F092C /* WolkEtoGulyat */,
			);
		};
/* End PBXProject section */

/* Begin PBXResourcesBuildPhase section */
		FDB82ACA2B4EC954009F092C /* Resources */ = {
			isa = PBXResourcesBuildPhase;
			buildActionMask = 2147483647;
			files = (
				FDB82ADC2B4EC957009F092C /* LaunchScreen.storyboard in Resources */,
				FDB82AD92B4EC957009F092C /* Assets.xcassets in Resources */,
			);
			runOnlyForDeploymentPostprocessing = 0;
		};
/* End PBXResourcesBuildPhase section */

/* Begin PBXSourcesBuildPhase section */
		FDB82AC82B4EC954009F092C /* Sources */ = {
			isa = PBXSourcesBuildPhase;
			buildActionMask = 2147483647;
			files = (
				FD9A850C2BAF779A009F1DC1 /* AppCoordinator.swift in Sources */,
				FDB82AD42B4EC955009F092C /* ViewController.swift in Sources */,
				FDB82AD02B4EC954009F092C /* AppDelegate.swift in Sources */,
				FDB82AD22B4EC954009F092C /* SceneDelegate.swift in Sources */,
				FD2709B22B921CF300272C9B /* RouteList.swift in Sources */,
				FD9A85082BAF60C4009F1DC1 /* MakeRouteController.swift in Sources */,
				FDA5E83C2BB1167400E89286 /* FilterViewController.swift in Sources */,
				FD9A85022BAF05E6009F1DC1 /* WalkRouteController.swift in Sources */,
				FD2709B42B921DF000272C9B /* Models.swift in Sources */,
				FD9A85042BAF482A009F1DC1 /* RateViewController.swift in Sources */,
				FD9A850A2BAF70CD009F1DC1 /* SetRouteController.swift in Sources */,
				FD9A85062BAF52FF009F1DC1 /* RouteDetailedController.swift in Sources */,
			);
			runOnlyForDeploymentPostprocessing = 0;
		};
/* End PBXSourcesBuildPhase section */

/* Begin PBXVariantGroup section */
		FDB82ADA2B4EC957009F092C /* LaunchScreen.storyboard */ = {
			isa = PBXVariantGroup;
			children = (
				FDB82ADB2B4EC957009F092C /* Base */,
			);
			name = LaunchScreen.storyboard;
			sourceTree = "<group>";
		};
/* End PBXVariantGroup section */

/* Begin XCBuildConfiguration section */
		FDB82ADE2B4EC957009F092C /* Debug */ = {
			isa = XCBuildConfiguration;
			buildSettings = {
				ALWAYS_SEARCH_USER_PATHS = NO;
				CLANG_ANALYZER_NONNULL = YES;
				CLANG_ANALYZER_NUMBER_OBJECT_CONVERSION = YES_AGGRESSIVE;
				CLANG_CXX_LANGUAGE_STANDARD = "gnu++20";
				CLANG_ENABLE_MODULES = YES;
				CLANG_ENABLE_OBJC_ARC = YES;
				CLANG_ENABLE_OBJC_WEAK = YES;
				CLANG_WARN_BLOCK_CAPTURE_AUTORELEASING = YES;
				CLANG_WARN_BOOL_CONVERSION = YES;
				CLANG_WARN_COMMA = YES;
				CLANG_WARN_CONSTANT_CONVERSION = YES;
				CLANG_WARN_DEPRECATED_OBJC_IMPLEMENTATIONS = YES;
				CLANG_WARN_DIRECT_OBJC_ISA_USAGE = YES_ERROR;
				CLANG_WARN_DOCUMENTATION_COMMENTS = YES;
				CLANG_WARN_EMPTY_BODY = YES;
				CLANG_WARN_ENUM_CONVERSION = YES;
				CLANG_WARN_INFINITE_RECURSION = YES;
				CLANG_WARN_INT_CONVERSION = YES;
				CLANG_WARN_NON_LITERAL_NULL_CONVERSION = YES;
				CLANG_WARN_OBJC_IMPLICIT_RETAIN_SELF = YES;
				CLANG_WARN_OBJC_LITERAL_CONVERSION = YES;
				CLANG_WARN_OBJC_ROOT_CLASS = YES_ERROR;
				CLANG_WARN_QUOTED_INCLUDE_IN_FRAMEWORK_HEADER = YES;
				CLANG_WARN_RANGE_LOOP_ANALYSIS = YES;
				CLANG_WARN_STRICT_PROTOTYPES = YES;
				CLANG_WARN_SUSPICIOUS_MOVE = YES;
				CLANG_WARN_UNGUARDED_AVAILABILITY = YES_AGGRESSIVE;
				CLANG_WARN_UNREACHABLE_CODE = YES;
				CLANG_WARN__DUPLICATE_METHOD_MATCH = YES;
				COPY_PHASE_STRIP = NO;
				DEBUG_INFORMATION_FORMAT = dwarf;
				ENABLE_STRICT_OBJC_MSGSEND = YES;
				ENABLE_TESTABILITY = YES;
				GCC_C_LANGUAGE_STANDARD = gnu11;
				GCC_DYNAMIC_NO_PIC = NO;
				GCC_NO_COMMON_BLOCKS = YES;
				GCC_OPTIMIZATION_LEVEL = 0;
				GCC_PREPROCESSOR_DEFINITIONS = (
					"DEBUG=1",
					"$(inherited)",
				);
				GCC_WARN_64_TO_32_BIT_CONVERSION = YES;
				GCC_WARN_ABOUT_RETURN_TYPE = YES_ERROR;
				GCC_WARN_UNDECLARED_SELECTOR = YES;
				GCC_WARN_UNINITIALIZED_AUTOS = YES_AGGRESSIVE;
				GCC_WARN_UNUSED_FUNCTION = YES;
				GCC_WARN_UNUSED_VARIABLE = YES;
				IPHONEOS_DEPLOYMENT_TARGET = 16.2;
				MTL_ENABLE_DEBUG_INFO = INCLUDE_SOURCE;
				MTL_FAST_MATH = YES;
				ONLY_ACTIVE_ARCH = YES;
				SDKROOT = iphoneos;
				SWIFT_ACTIVE_COMPILATION_CONDITIONS = DEBUG;
				SWIFT_OPTIMIZATION_LEVEL = "-Onone";
			};
			name = Debug;
		};
		FDB82ADF2B4EC957009F092C /* Release */ = {
			isa = XCBuildConfiguration;
			buildSettings = {
				ALWAYS_SEARCH_USER_PATHS = NO;
				CLANG_ANALYZER_NONNULL = YES;
				CLANG_ANALYZER_NUMBER_OBJECT_CONVERSION = YES_AGGRESSIVE;
				CLANG_CXX_LANGUAGE_STANDARD = "gnu++20";
				CLANG_ENABLE_MODULES = YES;
				CLANG_ENABLE_OBJC_ARC = YES;
				CLANG_ENABLE_OBJC_WEAK = YES;
				CLANG_WARN_BLOCK_CAPTURE_AUTORELEASING = YES;
				CLANG_WARN_BOOL_CONVERSION = YES;
				CLANG_WARN_COMMA = YES;
				CLANG_WARN_CONSTANT_CONVERSION = YES;
				CLANG_WARN_DEPRECATED_OBJC_IMPLEMENTATIONS = YES;
				CLANG_WARN_DIRECT_OBJC_ISA_USAGE = YES_ERROR;
				CLANG_WARN_DOCUMENTATION_COMMENTS = YES;
				CLANG_WARN_EMPTY_BODY = YES;
				CLANG_WARN_ENUM_CONVERSION = YES;
				CLANG_WARN_INFINITE_RECURSION = YES;
				CLANG_WARN_INT_CONVERSION = YES;
				CLANG_WARN_NON_LITERAL_NULL_CONVERSION = YES;
				CLANG_WARN_OBJC_IMPLICIT_RETAIN_SELF = YES;
				CLANG_WARN_OBJC_LITERAL_CONVERSION = YES;
				CLANG_WARN_OBJC_ROOT_CLASS = YES_ERROR;
				CLANG_WARN_QUOTED_INCLUDE_IN_FRAMEWORK_HEADER = YES;
				CLANG_WARN_RANGE_LOOP_ANALYSIS = YES;
				CLANG_WARN_STRICT_PROTOTYPES = YES;
				CLANG_WARN_SUSPICIOUS_MOVE = YES;
				CLANG_WARN_UNGUARDED_AVAILABILITY = YES_AGGRESSIVE;
				CLANG_WARN_UNREACHABLE_CODE = YES;
				CLANG_WARN__DUPLICATE_METHOD_MATCH = YES;
				COPY_PHASE_STRIP = NO;
				DEBUG_INFORMATION_FORMAT = "dwarf-with-dsym";
				ENABLE_NS_ASSERTIONS = NO;
				ENABLE_STRICT_OBJC_MSGSEND = YES;
				GCC_C_LANGUAGE_STANDARD = gnu11;
				GCC_NO_COMMON_BLOCKS = YES;
				GCC_WARN_64_TO_32_BIT_CONVERSION = YES;
				GCC_WARN_ABOUT_RETURN_TYPE = YES_ERROR;
				GCC_WARN_UNDECLARED_SELECTOR = YES;
				GCC_WARN_UNINITIALIZED_AUTOS = YES_AGGRESSIVE;
				GCC_WARN_UNUSED_FUNCTION = YES;
				GCC_WARN_UNUSED_VARIABLE = YES;
				IPHONEOS_DEPLOYMENT_TARGET = 16.2;
				MTL_ENABLE_DEBUG_INFO = NO;
				MTL_FAST_MATH = YES;
				SDKROOT = iphoneos;
				SWIFT_COMPILATION_MODE = wholemodule;
				SWIFT_OPTIMIZATION_LEVEL = "-O";
				VALIDATE_PRODUCT = YES;
			};
			name = Release;
		};
		FDB82AE12B4EC957009F092C /* Debug */ = {
			isa = XCBuildConfiguration;
			buildSettings = {
				ASSETCATALOG_COMPILER_APPICON_NAME = AppIcon;
				ASSETCATALOG_COMPILER_GLOBAL_ACCENT_COLOR_NAME = AccentColor;
				CODE_SIGN_STYLE = Automatic;
				CURRENT_PROJECT_VERSION = 1;
				GENERATE_INFOPLIST_FILE = YES;
				INFOPLIST_FILE = WolkEtoGulyat/Info.plist;
				INFOPLIST_KEY_UIApplicationSupportsIndirectInputEvents = YES;
				INFOPLIST_KEY_UILaunchStoryboardName = LaunchScreen;
				INFOPLIST_KEY_UISupportedInterfaceOrientations_iPad = "UIInterfaceOrientationPortrait UIInterfaceOrientationPortraitUpsideDown UIInterfaceOrientationLandscapeLeft UIInterfaceOrientationLandscapeRight";
				INFOPLIST_KEY_UISupportedInterfaceOrientations_iPhone = "UIInterfaceOrientationPortrait UIInterfaceOrientationLandscapeLeft UIInterfaceOrientationLandscapeRight";
				LD_RUNPATH_SEARCH_PATHS = (
					"$(inherited)",
					"@executable_path/Frameworks",
				);
				MARKETING_VERSION = 1.0;
				PRODUCT_BUNDLE_IDENTIFIER = aaa.WolkEtoGulyat;
				PRODUCT_NAME = "$(TARGET_NAME)";
				SWIFT_EMIT_LOC_STRINGS = YES;
				SWIFT_VERSION = 5.0;
				TARGETED_DEVICE_FAMILY = "1,2";
			};
			name = Debug;
		};
		FDB82AE22B4EC957009F092C /* Release */ = {
			isa = XCBuildConfiguration;
			buildSettings = {
				ASSETCATALOG_COMPILER_APPICON_NAME = AppIcon;
				ASSETCATALOG_COMPILER_GLOBAL_ACCENT_COLOR_NAME = AccentColor;
				CODE_SIGN_STYLE = Automatic;
				CURRENT_PROJECT_VERSION = 1;
				GENERATE_INFOPLIST_FILE = YES;
				INFOPLIST_FILE = WolkEtoGulyat/Info.plist;
				INFOPLIST_KEY_UIApplicationSupportsIndirectInputEvents = YES;
				INFOPLIST_KEY_UILaunchStoryboardName = LaunchScreen;
				INFOPLIST_KEY_UISupportedInterfaceOrientations_iPad = "UIInterfaceOrientationPortrait UIInterfaceOrientationPortraitUpsideDown UIInterfaceOrientationLandscapeLeft UIInterfaceOrientationLandscapeRight";
				INFOPLIST_KEY_UISupportedInterfaceOrientations_iPhone = "UIInterfaceOrientationPortrait UIInterfaceOrientationLandscapeLeft UIInterfaceOrientationLandscapeRight";
				LD_RUNPATH_SEARCH_PATHS = (
					"$(inherited)",
					"@executable_path/Frameworks",
				);
				MARKETING_VERSION = 1.0;
				PRODUCT_BUNDLE_IDENTIFIER = aaa.WolkEtoGulyat;
				PRODUCT_NAME = "$(TARGET_NAME)";
				SWIFT_EMIT_LOC_STRINGS = YES;
				SWIFT_VERSION = 5.0;
				TARGETED_DEVICE_FAMILY = "1,2";
			};
			name = Release;
		};
/* End XCBuildConfiguration section */

/* Begin XCConfigurationList section */
		FDB82AC72B4EC954009F092C /* Build configuration list for PBXProject "WolkEtoGulyat" */ = {
			isa = XCConfigurationList;
			buildConfigurations = (
				FDB82ADE2B4EC957009F092C /* Debug */,
				FDB82ADF2B4EC957009F092C /* Release */,
			);
			defaultConfigurationIsVisible = 0;
			defaultConfigurationName = Release;
		};
		FDB82AE02B4EC957009F092C /* Build configuration list for PBXNativeTarget "WolkEtoGulyat" */ = {
			isa = XCConfigurationList;
			buildConfigurations = (
				FDB82AE12B4EC957009F092C /* Debug */,
				FDB82AE22B4EC957009F092C /* Release */,
			);
			defaultConfigurationIsVisible = 0;
			defaultConfigurationName = Release;
		};
/* End XCConfigurationList section */
	};
	rootObject = FDB82AC42B4EC954009F092C /* Project object */;
}
